
Microsoft Visual Studio Solution File, Format Version 12.00
# Visual Studio Version 17
VisualStudioVersion = 17.7.34018.315
MinimumVisualStudioVersion = 10.0.40219.1
Project("{FAE04EC0-301F-11D3-BF4B-00C04F79EFBC}") = "aleksandar-todorov-employees", "aleksandar-todorov-employees\aleksandar-todorov-employees.csproj", "{9FB97FC8-4EA7-4A61-89C9-B09DF9FF27CE}"
EndProject
Global
	GlobalSection(SolutionConfigurationPlatforms) = preSolution
		Debug|Any CPU = Debug|Any CPU
		Release|Any CPU = Release|Any CPU
	EndGlobalSection
	GlobalSection(ProjectConfigurationPlatforms) = postSolution
		{9FB97FC8-4EA7-4A61-89C9-B09DF9FF27CE}.Debug|Any CPU.ActiveCfg = Debug|Any CPU
		{9FB97FC8-4EA7-4A61-89C9-B09DF9FF27CE}.Debug|Any CPU.Build.0 = Debug|Any CPU
		{9FB97FC8-4EA7-4A61-89C9-B09DF9FF27CE}.Release|Any CPU.ActiveCfg = Release|Any CPU
		{9FB97FC8-4EA7-4A61-89C9-B09DF9FF27CE}.Release|Any CPU.Build.0 = Release|Any CPU
	EndGlobalSection
	GlobalSection(SolutionProperties) = preSolution
		HideSolutionNode = FALSE
	EndGlobalSection
	GlobalSection(ExtensibilityGlobals) = postSolution
		SolutionGuid = {7BDE1FD2-3095-4CBC-9A05-7C51D1BE7622}
	EndGlobalSection
EndGlobal
